
Microsoft Visual Studio Solution File, Format Version 12.00
# Visual Studio Version 17
VisualStudioVersion = 17.7.34024.191
MinimumVisualStudioVersion = 10.0.40219.1
Project("{FAE04EC0-301F-11D3-BF4B-00C04F79EFBC}") = "Notes", "Notes\Notes.csproj", "{CEC8FEA0-E929-4795-8172-BC3B7FF5DA71}"
EndProject
Project("{FAE04EC0-301F-11D3-BF4B-00C04F79EFBC}") = "NotesDataAccess", "NotesDataAccess\NotesDataAccess.csproj", "{6E312C77-2035-4599-9557-BAB0E781A4BA}"
EndProject
Project("{00D1A9C2-B5F0-4AF3-8072-F6C62B433612}") = "NotesDataBase", "NotesDataBase\NotesDataBase.sqlproj", "{D32AA005-63C0-4664-8F89-6D77A36EF5FE}"
EndProject
Global
	GlobalSection(SolutionConfigurationPlatforms) = preSolution
		Debug|Any CPU = Debug|Any CPU
		Release|Any CPU = Release|Any CPU
	EndGlobalSection
	GlobalSection(ProjectConfigurationPlatforms) = postSolution
		{CEC8FEA0-E929-4795-8172-BC3B7FF5DA71}.Debug|Any CPU.ActiveCfg = Debug|Any CPU
		{CEC8FEA0-E929-4795-8172-BC3B7FF5DA71}.Debug|Any CPU.Build.0 = Debug|Any CPU
		{CEC8FEA0-E929-4795-8172-BC3B7FF5DA71}.Release|Any CPU.ActiveCfg = Release|Any CPU
		{CEC8FEA0-E929-4795-8172-BC3B7FF5DA71}.Release|Any CPU.Build.0 = Release|Any CPU
		{6E312C77-2035-4599-9557-BAB0E781A4BA}.Debug|Any CPU.ActiveCfg = Debug|Any CPU
		{6E312C77-2035-4599-9557-BAB0E781A4BA}.Debug|Any CPU.Build.0 = Debug|Any CPU
		{6E312C77-2035-4599-9557-BAB0E781A4BA}.Release|Any CPU.ActiveCfg = Release|Any CPU
		{6E312C77-2035-4599-9557-BAB0E781A4BA}.Release|Any CPU.Build.0 = Release|Any CPU
		{D32AA005-63C0-4664-8F89-6D77A36EF5FE}.Debug|Any CPU.ActiveCfg = Debug|Any CPU
		{D32AA005-63C0-4664-8F89-6D77A36EF5FE}.Debug|Any CPU.Build.0 = Debug|Any CPU
		{D32AA005-63C0-4664-8F89-6D77A36EF5FE}.Debug|Any CPU.Deploy.0 = Debug|Any CPU
		{D32AA005-63C0-4664-8F89-6D77A36EF5FE}.Release|Any CPU.ActiveCfg = Release|Any CPU
		{D32AA005-63C0-4664-8F89-6D77A36EF5FE}.Release|Any CPU.Build.0 = Release|Any CPU
		{D32AA005-63C0-4664-8F89-6D77A36EF5FE}.Release|Any CPU.Deploy.0 = Release|Any CPU
	EndGlobalSection
	GlobalSection(SolutionProperties) = preSolution
		HideSolutionNode = FALSE
	EndGlobalSection
	GlobalSection(ExtensibilityGlobals) = postSolution
		SolutionGuid = {0E51B10A-9EE3-4C1F-B514-786517181DF1}
	EndGlobalSection
EndGlobal
